
Microsoft Visual Studio Solution File, Format Version 12.00
# Visual Studio Version 16
VisualStudioVersion = 16.0.29709.97
MinimumVisualStudioVersion = 10.0.40219.1
Project("{FAE04EC0-301F-11D3-BF4B-00C04F79EFBC}") = "SSL Server", "SSL Server.csproj", "{B1BDCDDB-9A7E-411C-BABB-595F6D3778B7}"
EndProject
Global
	GlobalSection(SolutionConfigurationPlatforms) = preSolution
		Debug|Any CPU = Debug|Any CPU
		Release|Any CPU = Release|Any CPU
	EndGlobalSection
	GlobalSection(ProjectConfigurationPlatforms) = postSolution
		{B1BDCDDB-9A7E-411C-BABB-595F6D3778B7}.Debug|Any CPU.ActiveCfg = Debug|Any CPU
		{B1BDCDDB-9A7E-411C-BABB-595F6D3778B7}.Debug|Any CPU.Build.0 = Debug|Any CPU
		{B1BDCDDB-9A7E-411C-BABB-595F6D3778B7}.Release|Any CPU.ActiveCfg = Release|Any CPU
		{B1BDCDDB-9A7E-411C-BABB-595F6D3778B7}.Release|Any CPU.Build.0 = Release|Any CPU
	EndGlobalSection
	GlobalSection(SolutionProperties) = preSolution
		HideSolutionNode = FALSE
	EndGlobalSection
	GlobalSection(ExtensibilityGlobals) = postSolution
		SolutionGuid = {439CA212-02CD-43FE-9AA2-614C4BB26F3D}
	EndGlobalSection
EndGlobal
