
Microsoft Visual Studio Solution File, Format Version 12.00
# Visual Studio Version 16
VisualStudioVersion = 16.0.29709.97
MinimumVisualStudioVersion = 10.0.40219.1
Project("{FAE04EC0-301F-11D3-BF4B-00C04F79EFBC}") = "Multithreading Logging Prototype", "Multithreading Logging Prototype.csproj", "{A43F17FE-DCAC-42C9-A037-4C0656ED9180}"
EndProject
Project("{2150E333-8FDC-42A3-9474-1A3956D46DE8}") = "Solution Items", "Solution Items", "{4DFDAD57-5E5B-4ECC-9933-3D1CF4E2A3DD}"
	ProjectSection(SolutionItems) = preProject
		bin\Debug\logs\Log_27-01-2022.txt = bin\Debug\logs\Log_27-01-2022.txt
	EndProjectSection
EndProject
Global
	GlobalSection(SolutionConfigurationPlatforms) = preSolution
		Debug|Any CPU = Debug|Any CPU
		Release|Any CPU = Release|Any CPU
	EndGlobalSection
	GlobalSection(ProjectConfigurationPlatforms) = postSolution
		{A43F17FE-DCAC-42C9-A037-4C0656ED9180}.Debug|Any CPU.ActiveCfg = Debug|Any CPU
		{A43F17FE-DCAC-42C9-A037-4C0656ED9180}.Debug|Any CPU.Build.0 = Debug|Any CPU
		{A43F17FE-DCAC-42C9-A037-4C0656ED9180}.Release|Any CPU.ActiveCfg = Release|Any CPU
		{A43F17FE-DCAC-42C9-A037-4C0656ED9180}.Release|Any CPU.Build.0 = Release|Any CPU
	EndGlobalSection
	GlobalSection(SolutionProperties) = preSolution
		HideSolutionNode = FALSE
	EndGlobalSection
	GlobalSection(ExtensibilityGlobals) = postSolution
		SolutionGuid = {23829939-D3A8-483E-8645-AA48494348E3}
	EndGlobalSection
EndGlobal
