
Microsoft Visual Studio Solution File, Format Version 12.00
# Visual Studio Version 16
VisualStudioVersion = 16.0.29709.97
MinimumVisualStudioVersion = 10.0.40219.1
Project("{FAE04EC0-301F-11D3-BF4B-00C04F79EFBC}") = "Logger Trial", "Logger Trial.csproj", "{6C48C541-CC77-4E07-9289-16D94ED81607}"
EndProject
Global
	GlobalSection(SolutionConfigurationPlatforms) = preSolution
		Debug|Any CPU = Debug|Any CPU
		Release|Any CPU = Release|Any CPU
	EndGlobalSection
	GlobalSection(ProjectConfigurationPlatforms) = postSolution
		{6C48C541-CC77-4E07-9289-16D94ED81607}.Debug|Any CPU.ActiveCfg = Debug|Any CPU
		{6C48C541-CC77-4E07-9289-16D94ED81607}.Debug|Any CPU.Build.0 = Debug|Any CPU
		{6C48C541-CC77-4E07-9289-16D94ED81607}.Release|Any CPU.ActiveCfg = Release|Any CPU
		{6C48C541-CC77-4E07-9289-16D94ED81607}.Release|Any CPU.Build.0 = Release|Any CPU
	EndGlobalSection
	GlobalSection(SolutionProperties) = preSolution
		HideSolutionNode = FALSE
	EndGlobalSection
	GlobalSection(ExtensibilityGlobals) = postSolution
		SolutionGuid = {BA45C442-E99F-4675-AB10-678FFA469988}
	EndGlobalSection
EndGlobal
