
Microsoft Visual Studio Solution File, Format Version 12.00
# Visual Studio Version 16
VisualStudioVersion = 16.0.29709.97
MinimumVisualStudioVersion = 10.0.40219.1
Project("{FAE04EC0-301F-11D3-BF4B-00C04F79EFBC}") = "InputValidationTesting", "InputValidationTesting.csproj", "{E7B85564-DB89-445B-828B-FE162A30A622}"
EndProject
Project("{FAE04EC0-301F-11D3-BF4B-00C04F79EFBC}") = "InputUnitTests", "..\InputUnitTests\InputUnitTests.csproj", "{99E7C7BE-A844-49F2-9849-E4E28C45ECCA}"
EndProject
Global
	GlobalSection(SolutionConfigurationPlatforms) = preSolution
		Debug|Any CPU = Debug|Any CPU
		Release|Any CPU = Release|Any CPU
	EndGlobalSection
	GlobalSection(ProjectConfigurationPlatforms) = postSolution
		{E7B85564-DB89-445B-828B-FE162A30A622}.Debug|Any CPU.ActiveCfg = Debug|Any CPU
		{E7B85564-DB89-445B-828B-FE162A30A622}.Debug|Any CPU.Build.0 = Debug|Any CPU
		{E7B85564-DB89-445B-828B-FE162A30A622}.Release|Any CPU.ActiveCfg = Release|Any CPU
		{E7B85564-DB89-445B-828B-FE162A30A622}.Release|Any CPU.Build.0 = Release|Any CPU
		{99E7C7BE-A844-49F2-9849-E4E28C45ECCA}.Debug|Any CPU.ActiveCfg = Debug|Any CPU
		{99E7C7BE-A844-49F2-9849-E4E28C45ECCA}.Debug|Any CPU.Build.0 = Debug|Any CPU
		{99E7C7BE-A844-49F2-9849-E4E28C45ECCA}.Release|Any CPU.ActiveCfg = Release|Any CPU
		{99E7C7BE-A844-49F2-9849-E4E28C45ECCA}.Release|Any CPU.Build.0 = Release|Any CPU
	EndGlobalSection
	GlobalSection(SolutionProperties) = preSolution
		HideSolutionNode = FALSE
	EndGlobalSection
	GlobalSection(ExtensibilityGlobals) = postSolution
		SolutionGuid = {2BEFE9D5-2FCF-42EC-9887-AAE024E3F162}
	EndGlobalSection
EndGlobal
