
Microsoft Visual Studio Solution File, Format Version 12.00
# Visual Studio Version 16
VisualStudioVersion = 16.0.29709.97
MinimumVisualStudioVersion = 10.0.40219.1
Project("{FAE04EC0-301F-11D3-BF4B-00C04F79EFBC}") = "newRSA", "newRSA.csproj", "{FAF45A05-6761-42AD-AAAE-E8B9425E090F}"
EndProject
Global
	GlobalSection(SolutionConfigurationPlatforms) = preSolution
		Debug|Any CPU = Debug|Any CPU
		Release|Any CPU = Release|Any CPU
	EndGlobalSection
	GlobalSection(ProjectConfigurationPlatforms) = postSolution
		{FAF45A05-6761-42AD-AAAE-E8B9425E090F}.Debug|Any CPU.ActiveCfg = Debug|Any CPU
		{FAF45A05-6761-42AD-AAAE-E8B9425E090F}.Debug|Any CPU.Build.0 = Debug|Any CPU
		{FAF45A05-6761-42AD-AAAE-E8B9425E090F}.Release|Any CPU.ActiveCfg = Release|Any CPU
		{FAF45A05-6761-42AD-AAAE-E8B9425E090F}.Release|Any CPU.Build.0 = Release|Any CPU
	EndGlobalSection
	GlobalSection(SolutionProperties) = preSolution
		HideSolutionNode = FALSE
	EndGlobalSection
	GlobalSection(ExtensibilityGlobals) = postSolution
		SolutionGuid = {346C4F58-54A7-4D43-BEAF-A2AE89C25138}
	EndGlobalSection
EndGlobal
