
Microsoft Visual Studio Solution File, Format Version 12.00
# Visual Studio Version 16
VisualStudioVersion = 16.0.29709.97
MinimumVisualStudioVersion = 10.0.40219.1
Project("{FAE04EC0-301F-11D3-BF4B-00C04F79EFBC}") = "Logging with Forms", "Logging with Forms.csproj", "{B3652179-D7E4-4E05-9665-92BFF61CC59B}"
EndProject
Global
	GlobalSection(SolutionConfigurationPlatforms) = preSolution
		Debug|Any CPU = Debug|Any CPU
		Release|Any CPU = Release|Any CPU
	EndGlobalSection
	GlobalSection(ProjectConfigurationPlatforms) = postSolution
		{B3652179-D7E4-4E05-9665-92BFF61CC59B}.Debug|Any CPU.ActiveCfg = Debug|Any CPU
		{B3652179-D7E4-4E05-9665-92BFF61CC59B}.Debug|Any CPU.Build.0 = Debug|Any CPU
		{B3652179-D7E4-4E05-9665-92BFF61CC59B}.Release|Any CPU.ActiveCfg = Release|Any CPU
		{B3652179-D7E4-4E05-9665-92BFF61CC59B}.Release|Any CPU.Build.0 = Release|Any CPU
	EndGlobalSection
	GlobalSection(SolutionProperties) = preSolution
		HideSolutionNode = FALSE
	EndGlobalSection
	GlobalSection(ExtensibilityGlobals) = postSolution
		SolutionGuid = {3FE5B325-434A-4B2C-AB60-5CF4C7F77C6A}
	EndGlobalSection
EndGlobal
